// !$*UTF8*$!
{
	archiveVersion = 1;
	classes = {
	};
	objectVersion = 39;
	objects = {
		089C165FFE840EACC02AAC07 = {
			children = (
				089C1660FE840EACC02AAC07,
			);
			isa = PBXVariantGroup;
			name = InfoPlist.strings;
			refType = 4;
			sourceTree = "<group>";
		};
		089C1660FE840EACC02AAC07 = {
			fileEncoding = 10;
			isa = PBXFileReference;
			lastKnownFileType = text.plist.strings;
			name = English;
			path = English.lproj/InfoPlist.strings;
			refType = 4;
			sourceTree = "<group>";
		};
//080
//081
//082
//083
//084
//100
//101
//102
//103
//104
		1058C7A6FEA54F5311CA2CBB = {
			children = (
				1058C7A7FEA54F5311CA2CBB,
			);
			isa = PBXGroup;
			name = "Linked Frameworks";
			refType = 4;
			sourceTree = "<group>";
		};
		1058C7A7FEA54F5311CA2CBB = {
			fallbackIsa = PBXFileReference;
			isa = PBXFrameworkReference;
			lastKnownFileType = wrapper.framework;
			name = Cocoa.framework;
			path = /System/Library/Frameworks/Cocoa.framework;
			refType = 0;
			sourceTree = "<absolute>";
		};
		1058C7A8FEA54F5311CA2CBB = {
			children = (
				2A37F4C5FDCFA73011CA2CEA,
				2A37F4C4FDCFA73011CA2CEA,
			);
			isa = PBXGroup;
			name = "Other Frameworks";
			refType = 4;
			sourceTree = "<group>";
		};
//100
//101
//102
//103
//104
//190
//191
//192
//193
//194
		19C28FB0FE9D524F11CA2CBB = {
			children = (
				335FBAD0087A16A900F4EF67,
				335FBAD8087A1C3B00F4EF67,
				335FBAE5087A1D4500F4EF67,
				335FBAE9087A1D5900F4EF67,
				8D15AC370486D014006FF6A4,
			);
			isa = PBXGroup;
			name = Products;
			refType = 4;
			sourceTree = "<group>";
		};
//190
//191
//192
//193
//194
//2A0
//2A1
//2A2
//2A3
//2A4
		2A37F4A9FDCFA73011CA2CEA = {
			buildSettings = {
			};
			buildStyles = (
				4A9504D0FFE6A4CB11CA0CBA,
				4A9504D1FFE6A4CB11CA0CBA,
			);
			hasScannedForEncodings = 1;
			isa = PBXProject;
			mainGroup = 2A37F4AAFDCFA73011CA2CEA;
			projectDirPath = "";
			targets = (
				8D15AC270486D014006FF6A4,
			);
		};
		2A37F4AAFDCFA73011CA2CEA = {
			children = (
				2A37F4ABFDCFA73011CA2CEA,
				2A37F4AFFDCFA73011CA2CEA,
				2A37F4B8FDCFA73011CA2CEA,
				2A37F4C3FDCFA73011CA2CEA,
				19C28FB0FE9D524F11CA2CBB,
			);
			isa = PBXGroup;
			name = MoneyWise;
			path = "";
			refType = 4;
			sourceTree = "<group>";
		};
		2A37F4ABFDCFA73011CA2CEA = {
			children = (
				33BC70310878A8BF00197981,
				33BC70320878A8BF00197981,
				2A37F4AEFDCFA73011CA2CEA,
				2A37F4ACFDCFA73011CA2CEA,
				33D62807087E039000D91B9A,
				33D62808087E039000D91B9A,
				3325A649087E291D00DDC078,
				3325A64A087E291D00DDC078,
				3325A676087E2C6A00DDC078,
				3325A659087E2AB800DDC078,
				3325A692087E345F00DDC078,
				3325A693087E345F00DDC078,
				336269CD088079FC00835060,
			);
			isa = PBXGroup;
			name = Classes;
			path = "";
			refType = 4;
			sourceTree = "<group>";
		};
		2A37F4ACFDCFA73011CA2CEA = {
			explicitFileType = sourcecode.cpp.objcpp;
			fileEncoding = 30;
			isa = PBXFileReference;
			path = JournalDocument.mm;
			refType = 4;
			sourceTree = "<group>";
		};
		2A37F4AEFDCFA73011CA2CEA = {
			explicitFileType = sourcecode.cpp.h;
			fileEncoding = 30;
			isa = PBXFileReference;
			path = JournalDocument.h;
			refType = 4;
			sourceTree = "<group>";
		};
		2A37F4AFFDCFA73011CA2CEA = {
			children = (
				32DBCF750370BD2300C91783,
				2A37F4B0FDCFA73011CA2CEA,
			);
			isa = PBXGroup;
			name = "Other Sources";
			path = "";
			refType = 4;
			sourceTree = "<group>";
		};
		2A37F4B0FDCFA73011CA2CEA = {
			fileEncoding = 30;
			isa = PBXFileReference;
			lastKnownFileType = sourcecode.c.objc;
			path = main.m;
			refType = 4;
			sourceTree = "<group>";
		};
		2A37F4B4FDCFA73011CA2CEA = {
			children = (
				2A37F4B5FDCFA73011CA2CEA,
			);
			isa = PBXVariantGroup;
			name = JournalWindow.nib;
			path = "";
			refType = 4;
			sourceTree = "<group>";
		};
		2A37F4B5FDCFA73011CA2CEA = {
			isa = PBXFileReference;
			lastKnownFileType = wrapper.nib;
			name = English;
			path = English.lproj/JournalWindow.nib;
			refType = 4;
			sourceTree = "<group>";
		};
		2A37F4B6FDCFA73011CA2CEA = {
			children = (
				2A37F4B7FDCFA73011CA2CEA,
			);
			isa = PBXVariantGroup;
			name = MainMenu.nib;
			path = "";
			refType = 4;
			sourceTree = "<group>";
		};
		2A37F4B7FDCFA73011CA2CEA = {
			isa = PBXFileReference;
			lastKnownFileType = wrapper.nib;
			name = English;
			path = English.lproj/MainMenu.nib;
			refType = 4;
			sourceTree = "<group>";
		};
		2A37F4B8FDCFA73011CA2CEA = {
			children = (
				2A37F4B9FDCFA73011CA2CEA,
				33D62826087E060300D91B9A,
				2A37F4B6FDCFA73011CA2CEA,
				2A37F4B4FDCFA73011CA2CEA,
				8D15AC360486D014006FF6A4,
				089C165FFE840EACC02AAC07,
			);
			isa = PBXGroup;
			name = Resources;
			path = "";
			refType = 4;
			sourceTree = "<group>";
		};
		2A37F4B9FDCFA73011CA2CEA = {
			children = (
				2A37F4BAFDCFA73011CA2CEA,
			);
			isa = PBXVariantGroup;
			name = Credits.rtf;
			path = "";
			refType = 4;
			sourceTree = "<group>";
		};
		2A37F4BAFDCFA73011CA2CEA = {
			isa = PBXFileReference;
			lastKnownFileType = text.rtf;
			name = English;
			path = English.lproj/Credits.rtf;
			refType = 4;
			sourceTree = "<group>";
		};
		2A37F4C3FDCFA73011CA2CEA = {
			children = (
				1058C7A6FEA54F5311CA2CBB,
				1058C7A8FEA54F5311CA2CBB,
			);
			isa = PBXGroup;
			name = Frameworks;
			path = "";
			refType = 4;
			sourceTree = "<group>";
		};
		2A37F4C4FDCFA73011CA2CEA = {
			fallbackIsa = PBXFileReference;
			isa = PBXFrameworkReference;
			lastKnownFileType = wrapper.framework;
			name = AppKit.framework;
			path = /System/Library/Frameworks/AppKit.framework;
			refType = 0;
			sourceTree = "<absolute>";
		};
		2A37F4C5FDCFA73011CA2CEA = {
			fallbackIsa = PBXFileReference;
			isa = PBXFrameworkReference;
			lastKnownFileType = wrapper.framework;
			name = Foundation.framework;
			path = /System/Library/Frameworks/Foundation.framework;
			refType = 0;
			sourceTree = "<absolute>";
		};
//2A0
//2A1
//2A2
//2A3
//2A4
//320
//321
//322
//323
//324
		32DBCF750370BD2300C91783 = {
			fileEncoding = 4;
			isa = PBXFileReference;
			lastKnownFileType = sourcecode.c.h;
			path = MoneyWise_Prefix.pch;
			refType = 4;
			sourceTree = "<group>";
		};
//320
//321
//322
//323
//324
//330
//331
//332
//333
//334
		3325A649087E291D00DDC078 = {
			fileEncoding = 30;
			isa = PBXFileReference;
			lastKnownFileType = sourcecode.cpp.cpp;
			path = LedgerInterface.cc;
			refType = 4;
			sourceTree = "<group>";
		};
		3325A64A087E291D00DDC078 = {
			explicitFileType = sourcecode.cpp.h;
			fileEncoding = 30;
			isa = PBXFileReference;
			path = LedgerInterface.h;
			refType = 4;
			sourceTree = "<group>";
		};
		3325A64B087E291D00DDC078 = {
			fileRef = 3325A649087E291D00DDC078;
			isa = PBXBuildFile;
			settings = {
			};
		};
		3325A64C087E291D00DDC078 = {
			fileRef = 3325A64A087E291D00DDC078;
			isa = PBXBuildFile;
			settings = {
			};
		};
		3325A659087E2AB800DDC078 = {
			explicitFileType = sourcecode.cpp.h;
			fileEncoding = 30;
			isa = PBXFileReference;
			path = LedgerFunctors.h;
			refType = 4;
			sourceTree = "<group>";
		};
		3325A65B087E2AB800DDC078 = {
			fileRef = 3325A659087E2AB800DDC078;
			isa = PBXBuildFile;
			settings = {
			};
		};
		3325A676087E2C6A00DDC078 = {
			fileEncoding = 30;
			isa = PBXFileReference;
			lastKnownFileType = sourcecode.cpp.objcpp;
			path = LedgerFunctors.mm;
			refType = 4;
			sourceTree = "<group>";
		};
		3325A677087E2C6A00DDC078 = {
			fileRef = 3325A676087E2C6A00DDC078;
			isa = PBXBuildFile;
			settings = {
			};
		};
		3325A692087E345F00DDC078 = {
			fileEncoding = 30;
			isa = PBXFileReference;
			lastKnownFileType = sourcecode.c.h;
			path = GraphView.h;
			refType = 4;
			sourceTree = "<group>";
		};
		3325A693087E345F00DDC078 = {
			explicitFileType = sourcecode.cpp.objcpp;
			fileEncoding = 30;
			isa = PBXFileReference;
			path = GraphView.mm;
			refType = 4;
			sourceTree = "<group>";
		};
		3325A694087E345F00DDC078 = {
			fileRef = 3325A692087E345F00DDC078;
			isa = PBXBuildFile;
			settings = {
			};
		};
		3325A695087E345F00DDC078 = {
			fileRef = 3325A693087E345F00DDC078;
			isa = PBXBuildFile;
			settings = {
			};
		};
		335FBAD0087A16A900F4EF67 = {
			isa = PBXFileReference;
			lastKnownFileType = "compiled.mach-o.dylib";
			path = libledger.dylib;
			refType = 4;
			sourceTree = "<group>";
		};
		335FBAD1087A16A900F4EF67 = {
			fileRef = 335FBAD0087A16A900F4EF67;
			isa = PBXBuildFile;
			settings = {
			};
		};
		335FBAD8087A1C3B00F4EF67 = {
			isa = PBXFileReference;
			lastKnownFileType = "compiled.mach-o.dylib";
			path = libofx.dylib;
			refType = 4;
			sourceTree = "<group>";
		};
		335FBAD9087A1C3B00F4EF67 = {
			fileRef = 335FBAD8087A1C3B00F4EF67;
			isa = PBXBuildFile;
			settings = {
			};
		};
		335FBAE5087A1D4500F4EF67 = {
			isa = PBXFileReference;
			lastKnownFileType = "compiled.mach-o.dylib";
			path = libxmlparse.dylib;
			refType = 4;
			sourceTree = "<group>";
		};
		335FBAE6087A1D4500F4EF67 = {
			fileRef = 335FBAE5087A1D4500F4EF67;
			isa = PBXBuildFile;
			settings = {
			};
		};
		335FBAE9087A1D5900F4EF67 = {
			isa = PBXFileReference;
			lastKnownFileType = "compiled.mach-o.dylib";
			path = libxmltok.dylib;
			refType = 4;
			sourceTree = "<group>";
		};
		335FBAEA087A1D5900F4EF67 = {
			fileRef = 335FBAE9087A1D5900F4EF67;
			isa = PBXBuildFile;
			settings = {
			};
		};
		336269CD088079FC00835060 = {
			fileEncoding = 30;
			isa = PBXFileReference;
			lastKnownFileType = sourcecode.c.h;
			path = NSLogStream.h;
			refType = 4;
			sourceTree = "<group>";
		};
		336269CE088079FC00835060 = {
			fileRef = 336269CD088079FC00835060;
			isa = PBXBuildFile;
			settings = {
			};
		};
		33BC70310878A8BF00197981 = {
			fileEncoding = 30;
			isa = PBXFileReference;
			lastKnownFileType = sourcecode.c.h;
			path = JournalController.h;
			refType = 4;
			sourceTree = "<group>";
		};
		33BC70320878A8BF00197981 = {
			fileEncoding = 30;
			isa = PBXFileReference;
			lastKnownFileType = sourcecode.cpp.objcpp;
			path = JournalController.mm;
			refType = 4;
			sourceTree = "<group>";
		};
		33BC70330878A8BF00197981 = {
			fileRef = 33BC70310878A8BF00197981;
			isa = PBXBuildFile;
			settings = {
			};
		};
		33BC70340878A8BF00197981 = {
			fileRef = 33BC70320878A8BF00197981;
			isa = PBXBuildFile;
			settings = {
			};
		};
		33D62807087E039000D91B9A = {
			fileEncoding = 30;
			isa = PBXFileReference;
			lastKnownFileType = sourcecode.c.h;
			path = MWApplication.h;
			refType = 4;
			sourceTree = "<group>";
		};
		33D62808087E039000D91B9A = {
			fileEncoding = 30;
			isa = PBXFileReference;
			lastKnownFileType = sourcecode.c.objc;
			path = MWApplication.m;
			refType = 4;
			sourceTree = "<group>";
		};
		33D62809087E039000D91B9A = {
			fileRef = 33D62807087E039000D91B9A;
			isa = PBXBuildFile;
			settings = {
			};
		};
		33D6280A087E039000D91B9A = {
			fileRef = 33D62808087E039000D91B9A;
			isa = PBXBuildFile;
			settings = {
			};
		};
		33D62812087E041F00D91B9A = {
			isa = PBXFileReference;
			lastKnownFileType = wrapper.nib;
			name = English;
			path = English.lproj/AboutPanel.nib;
			refType = 4;
			sourceTree = "<group>";
		};
		33D62826087E060300D91B9A = {
			children = (
				33D62812087E041F00D91B9A,
			);
			isa = PBXVariantGroup;
			name = AboutPanel.nib;
			refType = 4;
			sourceTree = "<group>";
		};
		33D62827087E060300D91B9A = {
			fileRef = 33D62826087E060300D91B9A;
			isa = PBXBuildFile;
			settings = {
			};
		};
//330
//331
//332
//333
//334
//4A0
//4A1
//4A2
//4A3
//4A4
		4A9504D0FFE6A4CB11CA0CBA = {
			buildRules = (
			);
			buildSettings = {
				COPY_PHASE_STRIP = NO;
				DEBUGGING_SYMBOLS = YES;
				GCC_DYNAMIC_NO_PIC = NO;
				GCC_ENABLE_FIX_AND_CONTINUE = YES;
				GCC_GENERATE_DEBUGGING_SYMBOLS = YES;
				GCC_OPTIMIZATION_LEVEL = 0;
				OPTIMIZATION_CFLAGS = "-O0";
				ZERO_LINK = YES;
			};
			isa = PBXBuildStyle;
			name = Development;
		};
		4A9504D1FFE6A4CB11CA0CBA = {
			buildRules = (
			);
			buildSettings = {
				COPY_PHASE_STRIP = YES;
				GCC_ENABLE_FIX_AND_CONTINUE = NO;
				ZERO_LINK = NO;
			};
			isa = PBXBuildStyle;
			name = Deployment;
		};
//4A0
//4A1
//4A2
//4A3
//4A4
//8D0
//8D1
//8D2
//8D3
//8D4
		8D15AC270486D014006FF6A4 = {
			buildPhases = (
				8D15AC280486D014006FF6A4,
				8D15AC2B0486D014006FF6A4,
				8D15AC300486D014006FF6A4,
				8D15AC330486D014006FF6A4,
			);
			buildRules = (
			);
			buildSettings = {
				FRAMEWORK_SEARCH_PATHS = "";
				GCC_ENABLE_TRIGRAPHS = NO;
				GCC_GENERATE_DEBUGGING_SYMBOLS = NO;
				GCC_PRECOMPILE_PREFIX_HEADER = YES;
				GCC_PREFIX_HEADER = MoneyWise_Prefix.pch;
				GCC_WARN_ABOUT_MISSING_PROTOTYPES = NO;
				GCC_WARN_FOUR_CHARACTER_CONSTANTS = NO;
				GCC_WARN_UNKNOWN_PRAGMAS = NO;
				HEADER_SEARCH_PATHS = "/home/johnw/src/ledger /sw/lib";
				INFOPLIST_FILE = Info.plist;
				INSTALL_PATH = "$(HOME)/Applications";
				LIBRARY_SEARCH_PATHS = "/home/johnw/src/ledger/.libs /Users/johnw/src/MoneyWise /sw/lib";
				OTHER_CFLAGS = "";
				OTHER_LDFLAGS = "";
				PRODUCT_NAME = MoneyWise;
				SECTORDER_FLAGS = "";
				WARNING_CFLAGS = "-Wmost -Wno-four-char-constants -Wno-unknown-pragmas";
				WRAPPER_EXTENSION = app;
			};
			dependencies = (
			);
			isa = PBXNativeTarget;
			name = MoneyWise;
			productInstallPath = "$(HOME)/Applications";
			productName = MoneyWise;
			productReference = 8D15AC370486D014006FF6A4;
			productType = "com.apple.product-type.application";
		};
		8D15AC280486D014006FF6A4 = {
			buildActionMask = 2147483647;
			files = (
				8D15AC290486D014006FF6A4,
				8D15AC2A0486D014006FF6A4,
				33BC70330878A8BF00197981,
				33D62809087E039000D91B9A,
				3325A64C087E291D00DDC078,
				3325A65B087E2AB800DDC078,
				3325A694087E345F00DDC078,
				336269CE088079FC00835060,
			);
			isa = PBXHeadersBuildPhase;
			runOnlyForDeploymentPostprocessing = 0;
		};
		8D15AC290486D014006FF6A4 = {
			fileRef = 32DBCF750370BD2300C91783;
			isa = PBXBuildFile;
			settings = {
			};
		};
		8D15AC2A0486D014006FF6A4 = {
			fileRef = 2A37F4AEFDCFA73011CA2CEA;
			isa = PBXBuildFile;
			settings = {
			};
		};
		8D15AC2B0486D014006FF6A4 = {
			buildActionMask = 2147483647;
			files = (
				8D15AC2C0486D014006FF6A4,
				8D15AC2D0486D014006FF6A4,
				8D15AC2E0486D014006FF6A4,
				8D15AC2F0486D014006FF6A4,
				33D62827087E060300D91B9A,
			);
			isa = PBXResourcesBuildPhase;
			runOnlyForDeploymentPostprocessing = 0;
		};
		8D15AC2C0486D014006FF6A4 = {
			fileRef = 2A37F4B9FDCFA73011CA2CEA;
			isa = PBXBuildFile;
			settings = {
			};
		};
		8D15AC2D0486D014006FF6A4 = {
			fileRef = 2A37F4B6FDCFA73011CA2CEA;
			isa = PBXBuildFile;
			settings = {
			};
		};
		8D15AC2E0486D014006FF6A4 = {
			fileRef = 2A37F4B4FDCFA73011CA2CEA;
			isa = PBXBuildFile;
			settings = {
			};
		};
		8D15AC2F0486D014006FF6A4 = {
			fileRef = 089C165FFE840EACC02AAC07;
			isa = PBXBuildFile;
			settings = {
			};
		};
		8D15AC300486D014006FF6A4 = {
			buildActionMask = 2147483647;
			files = (
				8D15AC310486D014006FF6A4,
				8D15AC320486D014006FF6A4,
				33BC70340878A8BF00197981,
				33D6280A087E039000D91B9A,
				3325A64B087E291D00DDC078,
				3325A677087E2C6A00DDC078,
				3325A695087E345F00DDC078,
			);
			isa = PBXSourcesBuildPhase;
			runOnlyForDeploymentPostprocessing = 0;
		};
		8D15AC310486D014006FF6A4 = {
			fileRef = 2A37F4ACFDCFA73011CA2CEA;
			isa = PBXBuildFile;
			settings = {
				ATTRIBUTES = (
				);
			};
		};
		8D15AC320486D014006FF6A4 = {
			fileRef = 2A37F4B0FDCFA73011CA2CEA;
			isa = PBXBuildFile;
			settings = {
				ATTRIBUTES = (
				);
			};
		};
		8D15AC330486D014006FF6A4 = {
			buildActionMask = 2147483647;
			files = (
				8D15AC340486D014006FF6A4,
				335FBAD1087A16A900F4EF67,
				335FBAD9087A1C3B00F4EF67,
				335FBAE6087A1D4500F4EF67,
				335FBAEA087A1D5900F4EF67,
			);
			isa = PBXFrameworksBuildPhase;
			runOnlyForDeploymentPostprocessing = 0;
		};
		8D15AC340486D014006FF6A4 = {
			fileRef = 1058C7A7FEA54F5311CA2CBB;
			isa = PBXBuildFile;
			settings = {
			};
		};
		8D15AC360486D014006FF6A4 = {
			fileEncoding = 4;
			isa = PBXFileReference;
			lastKnownFileType = text.plist;
			path = Info.plist;
			refType = 4;
			sourceTree = "<group>";
		};
		8D15AC370486D014006FF6A4 = {
			explicitFileType = wrapper.application;
			includeInIndex = 0;
			isa = PBXFileReference;
			path = MoneyWise.app;
			refType = 3;
			sourceTree = BUILT_PRODUCTS_DIR;
		};
	};
	rootObject = 2A37F4A9FDCFA73011CA2CEA;
}
