{
  "nodes": {
    "nixpkgs": {
      "locked": {
        "lastModified": 1756128520,
        "narHash": "sha256-R94HxJBi+RK1iCm8Y4Q9pdrHZl0GZoDPIaYwjxRNPh4=",
        "owner": "NixOS",
        "repo": "nixpkgs",
        "rev": "c53baa6685261e5253a1c355a1b322f82674a824",
        "type": "github"
      },
      "original": {
        "owner": "NixOS",
        "ref": "nixpkgs-unstable",
        "repo": "nixpkgs",
        "type": "github"
      }
    },
    "root": {
      "inputs": {
        "nixpkgs": "nixpkgs"
      }
    }
  },
  "root": "root",
  "version": 7
}
